# This file is autogenerated, do not edit; changes may be undone by the next 'dep ensure'.


[[projects]]
  digest = "1:9f3b30d9f8e0d7040f729b82dcbc8f0dead820a133b3147ce355fc451f32d761"
  name = "github.com/BurntSushi/toml"
  packages = ["."]
  pruneopts = "UT"
  revision = "3012a1dbe2e4bd1391d42b32f0577cb7bbc7f005"
  version = "v0.3.1"

[[projects]]
  digest = "1:d6afaeed1502aa28e80a4ed0981d570ad91b2579193404256ce672ed0a609e0d"
  name = "github.com/beorn7/perks"
  packages = ["quantile"]
  pruneopts = "UT"
  revision = "37c8de3658fcb183f997c4e13e8337516ab753e6"
  version = "v1.0.1"

[[projects]]
  digest = "1:da771dcb7de24855666916ed3c2facec32fc95a18edbacf8eb2577718eb443ed"
  name = "github.com/go-asn1-ber/asn1-ber"
  packages = ["."]
  pruneopts = "UT"
  revision = "29be175fc3a3b1787c008093b829fbfee40decd6"
  version = "v1.4"

[[projects]]
  digest = "1:57ae8919194013fb07b8390fb8a32e700c12fdab96e8dc4bb15d5fe45dc43245"
  name = "github.com/gobuffalo/envy"
  packages = ["."]
  pruneopts = "UT"
  revision = "dc9565002201aca1286f8d6262f5cd568226562a"
  version = "v1.8.1"

[[projects]]
  digest = "1:4be32eaa2aff0bac6ccb3cacd9a84b3bc79c1f8ec00765b03d4a8f5cc542cdaa"
  name = "github.com/gobuffalo/logger"
  packages = ["."]
  pruneopts = "UT"
  revision = "fe10b71a76d5acb502f99cd88d1fd28062906dac"
  version = "v1.0.3"

[[projects]]
  digest = "1:40849e8495ef81a84ff335ef65e23d33671b61e60e9db464fbab55f19f43f120"
  name = "github.com/gobuffalo/packd"
  packages = [
    ".",
    "internal/takeon/github.com/markbates/errx",
  ]
  pruneopts = "UT"
  revision = "54ea459691466cfb630ccc276723fe3963f3e9d5"
  version = "v0.3.0"

[[projects]]
  digest = "1:350d9240e5632570750704089874185dd6c01ee3a04e4f5a720eb7d5cd663633"
  name = "github.com/gobuffalo/packr"
  packages = [
    ".",
    "v2",
    "v2/file",
    "v2/file/resolver",
    "v2/file/resolver/encoding/hex",
    "v2/internal/takeon/github.com/karrick/godirwalk",
    "v2/internal/takeon/github.com/markbates/errx",
    "v2/internal/takeon/github.com/markbates/oncer",
    "v2/internal/takeon/github.com/markbates/safe",
    "v2/jam/parser",
    "v2/plog",
  ]
  pruneopts = "UT"
  revision = "4b4a3c432a2e5a17b4f14c971179b40021c67530"
  version = "v2.7.1"

[[projects]]
  digest = "1:bed9d72d596f94e65fff37f4d6c01398074a6bb1c3f3ceff963516bd01db6ff5"
  name = "github.com/gofrs/uuid"
  packages = ["."]
  pruneopts = "UT"
  revision = "6b08a5c5172ba18946672b49749cde22873dd7c2"
  version = "v3.2.0"

[[projects]]
  digest = "1:573ca21d3669500ff845bdebee890eb7fc7f0f50c59f2132f2a0c6b03d85086a"
  name = "github.com/golang/protobuf"
  packages = ["proto"]
  pruneopts = "UT"
  revision = "6c65a5562fc06764971b7c5d05c76c75e84bdbf7"
  version = "v1.3.2"

[[projects]]
  digest = "1:ecd9aa82687cf31d1585d4ac61d0ba180e42e8a6182b85bd785fcca8dfeefc1b"
  name = "github.com/joho/godotenv"
  packages = ["."]
  pruneopts = "UT"
  revision = "23d116af351c84513e1946b527c88823e476be13"
  version = "v1.3.0"

[[projects]]
  digest = "1:26580a37df9f0e1db43b6283e7daf108e4887a024b5084b69b1bc40af89eefce"
  name = "github.com/justinas/alice"
  packages = ["."]
  pruneopts = "UT"
  revision = "698d694619453f429d388422116af97d11f37f41"
  version = "v1.2.0"

[[projects]]
  digest = "1:31e761d97c76151dde79e9d28964a812c46efc5baee4085b86f68f0c654450de"
  name = "github.com/konsorten/go-windows-terminal-sequences"
  packages = ["."]
  pruneopts = "UT"
  revision = "f55edac94c9bbba5d6182a4be46d86a2c9b5b50e"
  version = "v1.0.2"

[[projects]]
  digest = "1:ff5ebae34cfbf047d505ee150de27e60570e8c394b3b8fdbb720ff6ac71985fc"
  name = "github.com/matttproud/golang_protobuf_extensions"
  packages = ["pbutil"]
  pruneopts = "UT"
  revision = "c12348ce28de40eed0136aa2b644d0ee0650e56c"
  version = "v1.0.1"

[[projects]]
  digest = "1:eb8832cdc904ff89b70c524ab305bf3384c6411f9df6b9f2a41fddc2220e6613"
  name = "github.com/prometheus/client_golang"
  packages = [
    "prometheus",
    "prometheus/internal",
    "prometheus/promauto",
    "prometheus/promhttp",
  ]
  pruneopts = "UT"
  revision = "170205fb58decfd011f1550d4cfb737230d7ae4f"
  version = "v1.1.0"

[[projects]]
  digest = "1:982be0b5396e16a663697899ce69cc7b1e71ddcae4153af157578d4dc9bc3f88"
  name = "github.com/prometheus/client_model"
  packages = ["go"]
  pruneopts = "UT"
  revision = "d1d2010b5beead3fa1c5f271a5cf626e40b3ad6e"
  version = "v0.1.0"

[[projects]]
  digest = "1:f119e3205d3a1f0f19dbd7038eb37528e2c6f0933269dc344e305951fb87d632"
  name = "github.com/prometheus/common"
  packages = [
    "expfmt",
    "internal/bitbucket.org/ww/goautoneg",
    "model",
  ]
  pruneopts = "UT"
  revision = "287d3e634a1e550c9e463dd7e5a75a422c614505"
  version = "v0.7.0"

[[projects]]
  digest = "1:ec0ff4bd619a67065e34d6477711ed0117e335f99059a4c508e0fe21cfe7b304"
  name = "github.com/prometheus/procfs"
  packages = [
    ".",
    "internal/fs",
    "internal/util",
  ]
  pruneopts = "UT"
  revision = "6d489fc7f1d9cd890a250f3ea3431b1744b9623f"
  version = "v0.0.8"

[[projects]]
  digest = "1:e09ada96a5a41deda4748b1659cc8953961799e798aea557257b56baee4ecaf3"
  name = "github.com/rogpeppe/go-internal"
  packages = [
    "modfile",
    "module",
    "semver",
  ]
  pruneopts = "UT"
  revision = "bf08ea5df4ea96c6460011b8a8ef2952494d458d"
  version = "v1.5.1"

[[projects]]
  digest = "1:04457f9f6f3ffc5fea48e71d62f2ca256637dee0a04d710288e27e05c8b41976"
  name = "github.com/sirupsen/logrus"
  packages = ["."]
  pruneopts = "UT"
  revision = "839c75faf7f98a33d445d181f3018b5c3409a45e"
  version = "v1.4.2"

[[projects]]
  branch = "master"
  digest = "1:5770d1e0b23e672acbd347a51fda48c6df176a15c71bdd374202c87267b68390"
  name = "gitlab.com/golang-commonmark/html"
  packages = ["."]
  pruneopts = "UT"
  revision = "a22733972181c63ecab285f900bb2917f3ba4e88"

[[projects]]
  branch = "master"
  digest = "1:877e38a750308ceaf321e51b26aae40efd8e1f0ed04cdca3bdec0dbfb71a27e9"
  name = "gitlab.com/golang-commonmark/linkify"
  packages = ["."]
  pruneopts = "UT"
  revision = "a0c2df6c8f82281d2785a0974d1f02656b45fff7"

[[projects]]
  branch = "master"
  digest = "1:95fad0840695770220c346f935f0e4a1944d3a7d659e82dbb2b4d8ac20901a82"
  name = "gitlab.com/golang-commonmark/markdown"
  packages = ["."]
  pruneopts = "UT"
  revision = "91b5b3c99c19293be22fcab0a775ff39ee14387f"

[[projects]]
  branch = "master"
  digest = "1:288514e6ad5beaa02ef8821be84f5a19438022858e81c8d04f849ba9b4a6e68c"
  name = "gitlab.com/golang-commonmark/mdurl"
  packages = ["."]
  pruneopts = "UT"
  revision = "932350d1cb841423f436264e83e4f0bdbc798f67"

[[projects]]
  branch = "master"
  digest = "1:b8bdb01cb408564761513d9ce3c07cfd8463d1e10c9f12e2d74cd90883912af5"
  name = "gitlab.com/golang-commonmark/puny"
  packages = ["."]
  pruneopts = "UT"
  revision = "9f83538fa04f50589f934c5ad2a18750264c8276"

[[projects]]
  branch = "master"
  digest = "1:bbe51412d9915d64ffaa96b51d409e070665efc5194fcf145c4a27d4133107a4"
  name = "golang.org/x/crypto"
  packages = ["ssh/terminal"]
  pruneopts = "UT"
  revision = "53104e6ec876ad4e22ad27cce588b01392043c1b"

[[projects]]
  branch = "master"
  digest = "1:dab7f636e7fc0e8a5b61ca4cd3f13107717c6147fd25e9010d930f001e485ec3"
  name = "golang.org/x/sys"
  packages = [
    "unix",
    "windows",
  ]
  pruneopts = "UT"
  revision = "c96a22e43c9c1088b5e506727c975511357d9f68"

[[projects]]
  digest = "1:d0be7f16ff0d2181f2cae62e02e8a274383f9c26497fb6f5bd56730776e3ec1e"
  name = "golang.org/x/text"
  packages = [
    "collate",
    "collate/build",
    "internal/colltab",
    "internal/gen",
    "internal/language",
    "internal/language/compact",
    "internal/tag",
    "internal/triegen",
    "internal/ucd",
    "language",
    "transform",
    "unicode/cldr",
    "unicode/norm",
    "unicode/rangetable",
  ]
  pruneopts = "UT"
  revision = "342b2e1fbaa52c93f31447ad2c6abc048c63e475"
  version = "v0.3.2"

[[projects]]
  digest = "1:c74cd11ed76b71a8f58d4aa34da3965d663f5e2862621eb2390026e4175bc205"
  name = "gopkg.in/ldap.v3"
  packages = ["."]
  pruneopts = "UT"
  revision = "a4f79d8a7cda1dcfbe9efafbd1e1621608881e93"
  version = "v3.1.5"

[solve-meta]
  analyzer-name = "dep"
  analyzer-version = 1
  input-imports = [
    "github.com/BurntSushi/toml",
    "github.com/gobuffalo/packr",
    "github.com/gobuffalo/packr/v2",
    "github.com/gofrs/uuid",
    "github.com/justinas/alice",
    "github.com/prometheus/client_golang/prometheus",
    "github.com/prometheus/client_golang/prometheus/promauto",
    "github.com/prometheus/client_golang/prometheus/promhttp",
    "github.com/sirupsen/logrus",
    "gitlab.com/golang-commonmark/markdown",
    "gopkg.in/ldap.v3",
  ]
  solver-name = "gps-cdcl"
  solver-version = 1
